{
  "version": 4,
  "terraform_version": "1.9.8",
  "serial": 12,
  "lineage": "9c3c2e00-fb6f-a0a4-d7b4-bbf5cb2226ca",
  "outputs": {},
  "resources": [
    {
      "module": "module.devmodule",
      "mode": "managed",
      "type": "azurerm_resource_group",
      "name": "r-app-rg",
      "provider": "module.devmodule.provider[\"registry.terraform.io/hashicorp/azurerm\"]",
      "instances": [
        {
          "schema_version": 0,
          "attributes": {
            "id": "/subscriptions/3d50325d-5aa8-4fec-b449-8d3e59329142/resourceGroups/dev-app100-RG",
            "location": "eastus",
            "name": "dev-app100-RG",
            "tags": {},
            "timeouts": null
          },
          "sensitive_attributes": [],
          "private": "eyJlMmJmYjczMC1lY2FhLTExZTYtOGY4OC0zNDM2M2JjN2M0YzAiOnsiY3JlYXRlIjo1NDAwMDAwMDAwMDAwLCJkZWxldGUiOjU0MDAwMDAwMDAwMDAsInJlYWQiOjMwMDAwMDAwMDAwMCwidXBkYXRlIjo1NDAwMDAwMDAwMDAwfX0="
        }
      ]
    },
    {
      "module": "module.devmodule",
      "mode": "managed",
      "type": "azurerm_subnet",
      "name": "r-app-subnet",
      "provider": "module.devmodule.provider[\"registry.terraform.io/hashicorp/azurerm\"]",
      "instances": [
        {
          "schema_version": 0,
          "attributes": {
            "address_prefix": "10.10.0.0/24",
            "address_prefixes": [
              "10.10.0.0/24"
            ],
            "delegation": [],
            "enforce_private_link_endpoint_network_policies": false,
            "enforce_private_link_service_network_policies": false,
            "id": "/subscriptions/3d50325d-5aa8-4fec-b449-8d3e59329142/resourceGroups/dev-app100-RG/providers/Microsoft.Network/virtualNetworks/sh-vnet-200/subnets/dev-sh-sn-100",
            "name": "dev-sh-sn-100",
            "resource_group_name": "dev-app100-RG",
            "service_endpoint_policy_ids": [],
            "service_endpoints": [],
            "timeouts": null,
            "virtual_network_name": "sh-vnet-200"
          },
          "sensitive_attributes": [],
          "private": "eyJlMmJmYjczMC1lY2FhLTExZTYtOGY4OC0zNDM2M2JjN2M0YzAiOnsiY3JlYXRlIjoxODAwMDAwMDAwMDAwLCJkZWxldGUiOjE4MDAwMDAwMDAwMDAsInJlYWQiOjMwMDAwMDAwMDAwMCwidXBkYXRlIjoxODAwMDAwMDAwMDAwfX0=",
          "dependencies": [
            "module.devmodule.azurerm_resource_group.r-app-rg",
            "module.devmodule.azurerm_virtual_network.r-app-sh-vnet"
          ]
        }
      ]
    },
    {
      "module": "module.devmodule",
      "mode": "managed",
      "type": "azurerm_virtual_network",
      "name": "r-app-sh-vnet",
      "provider": "module.devmodule.provider[\"registry.terraform.io/hashicorp/azurerm\"]",
      "instances": [
        {
          "schema_version": 0,
          "attributes": {
            "address_space": [
              "10.10.0.0/16"
            ],
            "bgp_community": "",
            "ddos_protection_plan": [],
            "dns_servers": [],
            "guid": "177704ad-3b5a-4a70-950b-5e63761083b8",
            "id": "/subscriptions/3d50325d-5aa8-4fec-b449-8d3e59329142/resourceGroups/dev-app100-RG/providers/Microsoft.Network/virtualNetworks/sh-vnet-200",
            "location": "eastus",
            "name": "sh-vnet-200",
            "resource_group_name": "dev-app100-RG",
            "subnet": [
              {
                "address_prefix": "10.10.0.0/24",
                "id": "/subscriptions/3d50325d-5aa8-4fec-b449-8d3e59329142/resourceGroups/dev-app100-RG/providers/Microsoft.Network/virtualNetworks/sh-vnet-200/subnets/dev-sh-sn-100",
                "name": "dev-sh-sn-100",
                "security_group": ""
              }
            ],
            "tags": {},
            "timeouts": null,
            "vm_protection_enabled": false
          },
          "sensitive_attributes": [],
          "private": "eyJlMmJmYjczMC1lY2FhLTExZTYtOGY4OC0zNDM2M2JjN2M0YzAiOnsiY3JlYXRlIjoxODAwMDAwMDAwMDAwLCJkZWxldGUiOjE4MDAwMDAwMDAwMDAsInJlYWQiOjMwMDAwMDAwMDAwMCwidXBkYXRlIjoxODAwMDAwMDAwMDAwfX0=",
          "dependencies": [
            "module.devmodule.azurerm_resource_group.r-app-rg"
          ]
        }
      ]
    },
    {
      "module": "module.prodmodule",
      "mode": "managed",
      "type": "azurerm_resource_group",
      "name": "r-app-rg",
      "provider": "module.prodmodule.provider[\"registry.terraform.io/hashicorp/azurerm\"]",
      "instances": [
        {
          "schema_version": 0,
          "attributes": {
            "id": "/subscriptions/3d50325d-5aa8-4fec-b449-8d3e59329142/resourceGroups/prod-app100-RG",
            "location": "eastus",
            "name": "prod-app100-RG",
            "tags": {},
            "timeouts": null
          },
          "sensitive_attributes": [],
          "private": "eyJlMmJmYjczMC1lY2FhLTExZTYtOGY4OC0zNDM2M2JjN2M0YzAiOnsiY3JlYXRlIjo1NDAwMDAwMDAwMDAwLCJkZWxldGUiOjU0MDAwMDAwMDAwMDAsInJlYWQiOjMwMDAwMDAwMDAwMCwidXBkYXRlIjo1NDAwMDAwMDAwMDAwfX0="
        }
      ]
    },
    {
      "module": "module.prodmodule",
      "mode": "managed",
      "type": "azurerm_subnet",
      "name": "r-app-subnet",
      "provider": "module.prodmodule.provider[\"registry.terraform.io/hashicorp/azurerm\"]",
      "instances": [
        {
          "schema_version": 0,
          "attributes": {
            "address_prefix": "10.20.0.0/24",
            "address_prefixes": [
              "10.20.0.0/24"
            ],
            "delegation": [],
            "enforce_private_link_endpoint_network_policies": false,
            "enforce_private_link_service_network_policies": false,
            "id": "/subscriptions/3d50325d-5aa8-4fec-b449-8d3e59329142/resourceGroups/prod-app100-RG/providers/Microsoft.Network/virtualNetworks/sh-vnet-200/subnets/prod-sh-sn-200",
            "name": "prod-sh-sn-200",
            "resource_group_name": "prod-app100-RG",
            "service_endpoint_policy_ids": [],
            "service_endpoints": [],
            "timeouts": null,
            "virtual_network_name": "sh-vnet-200"
          },
          "sensitive_attributes": [],
          "private": "eyJlMmJmYjczMC1lY2FhLTExZTYtOGY4OC0zNDM2M2JjN2M0YzAiOnsiY3JlYXRlIjoxODAwMDAwMDAwMDAwLCJkZWxldGUiOjE4MDAwMDAwMDAwMDAsInJlYWQiOjMwMDAwMDAwMDAwMCwidXBkYXRlIjoxODAwMDAwMDAwMDAwfX0=",
          "dependencies": [
            "module.prodmodule.azurerm_resource_group.r-app-rg",
            "module.prodmodule.azurerm_virtual_network.r-app-sh-vnet"
          ]
        }
      ]
    },
    {
      "module": "module.prodmodule",
      "mode": "managed",
      "type": "azurerm_virtual_network",
      "name": "r-app-sh-vnet",
      "provider": "module.prodmodule.provider[\"registry.terraform.io/hashicorp/azurerm\"]",
      "instances": [
        {
          "schema_version": 0,
          "attributes": {
            "address_space": [
              "10.20.0.0/16"
            ],
            "bgp_community": "",
            "ddos_protection_plan": [],
            "dns_servers": [],
            "guid": "795d542e-fe23-4488-b45a-6111a55c21a5",
            "id": "/subscriptions/3d50325d-5aa8-4fec-b449-8d3e59329142/resourceGroups/prod-app100-RG/providers/Microsoft.Network/virtualNetworks/sh-vnet-200",
            "location": "eastus",
            "name": "sh-vnet-200",
            "resource_group_name": "prod-app100-RG",
            "subnet": [
              {
                "address_prefix": "10.20.0.0/24",
                "id": "/subscriptions/3d50325d-5aa8-4fec-b449-8d3e59329142/resourceGroups/prod-app100-RG/providers/Microsoft.Network/virtualNetworks/sh-vnet-200/subnets/prod-sh-sn-200",
                "name": "prod-sh-sn-200",
                "security_group": ""
              }
            ],
            "tags": {},
            "timeouts": null,
            "vm_protection_enabled": false
          },
          "sensitive_attributes": [],
          "private": "eyJlMmJmYjczMC1lY2FhLTExZTYtOGY4OC0zNDM2M2JjN2M0YzAiOnsiY3JlYXRlIjoxODAwMDAwMDAwMDAwLCJkZWxldGUiOjE4MDAwMDAwMDAwMDAsInJlYWQiOjMwMDAwMDAwMDAwMCwidXBkYXRlIjoxODAwMDAwMDAwMDAwfX0=",
          "dependencies": [
            "module.prodmodule.azurerm_resource_group.r-app-rg"
          ]
        }
      ]
    },
    {
      "module": "module.uatmodule",
      "mode": "managed",
      "type": "azurerm_resource_group",
      "name": "r-app-rg",
      "provider": "module.uatmodule.provider[\"registry.terraform.io/hashicorp/azurerm\"]",
      "instances": [
        {
          "schema_version": 0,
          "attributes": {
            "id": "/subscriptions/3d50325d-5aa8-4fec-b449-8d3e59329142/resourceGroups/uat-app100-RG",
            "location": "eastus",
            "name": "uat-app100-RG",
            "tags": null,
            "timeouts": null
          },
          "sensitive_attributes": [],
          "private": "eyJlMmJmYjczMC1lY2FhLTExZTYtOGY4OC0zNDM2M2JjN2M0YzAiOnsiY3JlYXRlIjo1NDAwMDAwMDAwMDAwLCJkZWxldGUiOjU0MDAwMDAwMDAwMDAsInJlYWQiOjMwMDAwMDAwMDAwMCwidXBkYXRlIjo1NDAwMDAwMDAwMDAwfX0="
        }
      ]
    },
    {
      "module": "module.uatmodule",
      "mode": "managed",
      "type": "azurerm_subnet",
      "name": "r-app-subnet",
      "provider": "module.uatmodule.provider[\"registry.terraform.io/hashicorp/azurerm\"]",
      "instances": [
        {
          "schema_version": 0,
          "attributes": {
            "address_prefix": "10.30.0.0/24",
            "address_prefixes": [
              "10.30.0.0/24"
            ],
            "delegation": [],
            "enforce_private_link_endpoint_network_policies": false,
            "enforce_private_link_service_network_policies": false,
            "id": "/subscriptions/3d50325d-5aa8-4fec-b449-8d3e59329142/resourceGroups/uat-app100-RG/providers/Microsoft.Network/virtualNetworks/sh-vnet-300/subnets/uat-sh-sn-300",
            "name": "uat-sh-sn-300",
            "resource_group_name": "uat-app100-RG",
            "service_endpoint_policy_ids": null,
            "service_endpoints": null,
            "timeouts": null,
            "virtual_network_name": "sh-vnet-300"
          },
          "sensitive_attributes": [],
          "private": "eyJlMmJmYjczMC1lY2FhLTExZTYtOGY4OC0zNDM2M2JjN2M0YzAiOnsiY3JlYXRlIjoxODAwMDAwMDAwMDAwLCJkZWxldGUiOjE4MDAwMDAwMDAwMDAsInJlYWQiOjMwMDAwMDAwMDAwMCwidXBkYXRlIjoxODAwMDAwMDAwMDAwfX0=",
          "dependencies": [
            "module.uatmodule.azurerm_resource_group.r-app-rg",
            "module.uatmodule.azurerm_virtual_network.r-app-sh-vnet"
          ]
        }
      ]
    },
    {
      "module": "module.uatmodule",
      "mode": "managed",
      "type": "azurerm_virtual_network",
      "name": "r-app-sh-vnet",
      "provider": "module.uatmodule.provider[\"registry.terraform.io/hashicorp/azurerm\"]",
      "instances": [
        {
          "schema_version": 0,
          "attributes": {
            "address_space": [
              "10.30.0.0/16"
            ],
            "bgp_community": "",
            "ddos_protection_plan": [],
            "dns_servers": null,
            "guid": "0f650519-f605-43a0-9688-8635d4b007a3",
            "id": "/subscriptions/3d50325d-5aa8-4fec-b449-8d3e59329142/resourceGroups/uat-app100-RG/providers/Microsoft.Network/virtualNetworks/sh-vnet-300",
            "location": "eastus",
            "name": "sh-vnet-300",
            "resource_group_name": "uat-app100-RG",
            "subnet": [],
            "tags": null,
            "timeouts": null,
            "vm_protection_enabled": false
          },
          "sensitive_attributes": [],
          "private": "eyJlMmJmYjczMC1lY2FhLTExZTYtOGY4OC0zNDM2M2JjN2M0YzAiOnsiY3JlYXRlIjoxODAwMDAwMDAwMDAwLCJkZWxldGUiOjE4MDAwMDAwMDAwMDAsInJlYWQiOjMwMDAwMDAwMDAwMCwidXBkYXRlIjoxODAwMDAwMDAwMDAwfX0=",
          "dependencies": [
            "module.uatmodule.azurerm_resource_group.r-app-rg"
          ]
        }
      ]
    }
  ],
  "check_results": null
}
